github.com/davecgh/go-spew v1.1.1 h1:vj9j/u1bqnvCEfJOwUhtlOARqs3+rkHYY13jYWTU97c=
github.com/davecgh/go-spew v1.1.1/go.mod h1:J7Y8YcW2NihsgmVo/mv3lAwl/skON4iLHjSsI+c5H38=
github.com/gocarina/gocsv v0.0.0-20240520201108-78e41c74b4b1 h1:FWNFq4fM1wPfcK40yHE5UO3RUdSNPaBC+j3PokzA6OQ=
github.com/gocarina/gocsv v0.0.0-20240520201108-78e41c74b4b1/go.mod h1:5YoVOkjYAQumqlV356Hj3xeYh4BdZuLE0/nRkf2NKkI=
github.com/pewpewlive/common-go v0.0.0-20240724153204-93bd8bd938b1 h1:FJHuCfhdf2Le7Q0ZSFNanalRBTX7gkgSXlLoTvk7dJs=
github.com/pewpewlive/common-go v0.0.0-20240724153204-93bd8bd938b1/go.mod h1:JvBbjgxYQc1Qbfj1rgsafvUgzc6LKbkMGfmpJisft/Y=
github.com/pewpewlive/common-go v0.0.0-20240724203356-025c6e6cb70c h1:YUo8vtG7idlKAPfLwZodMcUCRFRzFsqxw7ZJ6MfB7WU=
github.com/pewpewlive/common-go v0.0.0-20240724203356-025c6e6cb70c/go.mod h1:JvBbjgxYQc1Qbfj1rgsafvUgzc6LKbkMGfmpJisft/Y=
github.com/pewpewlive/common-go v0.0.0-20240726164819-ee0cf5b7494f h1:/EP6FUCsKpRHjv6XoM5Besf4kzRbZn8UQdF1UPx+IYQ=
github.com/pewpewlive/common-go v0.0.0-20240726164819-ee0cf5b7494f/go.mod h1:JvBbjgxYQc1Qbfj1rgsafvUgzc6LKbkMGfmpJisft/Y=
github.com/pewpewlive/common-go v0.0.0-20240728174315-dd2d68ab7fde h1:+I6ftw/qxg35pXbZSm8KpaE7HK05Smkm12cOh634zfo=
github.com/pewpewlive/common-go v0.0.0-20240728174315-dd2d68ab7fde/go.mod h1:JvBbjgxYQc1Qbfj1rgsafvUgzc6LKbkMGfmpJisft/Y=
github.com/pewpewlive/common-go v0.0.0-20240806052640-fe05f82f2c8a h1:bGG4wxTXBJ2kcsLndtVPMVtLubFPLZpTVMvoBlIfgCk=
github.com/pewpewlive/common-go v0.0.0-20240806052640-fe05f82f2c8a/go.mod h1:pPHy5P1T1jjqvzt7ONAWgd75OSeCNDNu16zzb8Eab40=
github.com/pewpewlive/common-go v0.0.0-20240806053419-e6169e80304a h1:7o228/L0JmChH4YSQjCP2Z9kQndp4ZJsfZyyTVZ/KTw=
github.com/pewpewlive/common-go v0.0.0-20240806053419-e6169e80304a/go.mod h1:pPHy5P1T1jjqvzt7ONAWgd75OSeCNDNu16zzb8Eab40=
github.com/pmezard/go-difflib v1.0.0 h1:4DBwDE0NGyQoBHbLQYPwSUPoCMWR5BEzIk/f1lZbAQM=
github.com/pmezard/go-difflib v1.0.0/go.mod h1:iKH77koFhYxTK1pcRnkKkqfTogsbg7gZNVY4sRDYZ/4=
github.com/stretchr/testify v1.9.0 h1:HtqpIVDClZ4nwg75+f6Lvsy/wHu+3BoSGCbBAcpTsTg=
github.com/stretchr/testify v1.9.0/go.mod h1:r2ic/lqez/lEtzL7wO/rwa5dbSLXVDPFyf8C91i36aY=
gopkg.in/check.v1 v0.0.0-20161208181325-20d25e280405/go.mod h1:Co6ibVJAznAaIkqp8huTwlJQCZ016jof/cbN4VW5Yz0=
gopkg.in/yaml.v3 v3.0.1 h1:fxVm/GzAzEWqLHuvctI91KS9hhNmmWOoWu0XTYJS7CA=
gopkg.in/yaml.v3 v3.0.1/go.mod h1:K4uyk7z7BCEPqu6E+C64Yfv1cQ7kz7rIZviUmN+EgEM=
